
Microsoft Visual Studio Solution File, Format Version 12.00
# Visual Studio 14
VisualStudioVersion = 14.0.25420.1
MinimumVisualStudioVersion = 10.0.40219.1
Project("{F184B08F-C81C-45F6-A57F-5ABD9991F28F}") = "Nemocnicny evidencny program", "Evidencia techniky\Nemocnicny evidencny program.vbproj", "{47BFE442-F25A-4725-810B-74A61E5F961F}"
EndProject
Global
	GlobalSection(SolutionConfigurationPlatforms) = preSolution
		Debug|Any CPU = Debug|Any CPU
		Debug|x86 = Debug|x86
		Release|Any CPU = Release|Any CPU
		Release|x86 = Release|x86
	EndGlobalSection
	GlobalSection(ProjectConfigurationPlatforms) = postSolution
		{47BFE442-F25A-4725-810B-74A61E5F961F}.Debug|Any CPU.ActiveCfg = Debug|x86
		{47BFE442-F25A-4725-810B-74A61E5F961F}.Debug|x86.ActiveCfg = Debug|x86
		{47BFE442-F25A-4725-810B-74A61E5F961F}.Debug|x86.Build.0 = Debug|x86
		{47BFE442-F25A-4725-810B-74A61E5F961F}.Release|Any CPU.ActiveCfg = Release|x86
		{47BFE442-F25A-4725-810B-74A61E5F961F}.Release|x86.ActiveCfg = Release|x86
		{47BFE442-F25A-4725-810B-74A61E5F961F}.Release|x86.Build.0 = Release|x86
	EndGlobalSection
	GlobalSection(SolutionProperties) = preSolution
		HideSolutionNode = FALSE
	EndGlobalSection
EndGlobal
